Microsoft Visual Studio Solution File, Format Version 12.00
# Visual Studio Version 17
VisualStudioVersion = 17.5.2.0
MinimumVisualStudioVersion = 10.0.40219.1
Project("{FAE04EC0-301F-11D3-BF4B-00C04F79EFBC}") = "Bazlama.AsyncOperationSuite", "Bazlama.AsyncOperationSuite\Bazlama.AsyncOperationSuite.csproj", "{0D146780-1460-3381-5209-82AC742DAB4C}"
EndProject
Project("{FAE04EC0-301F-11D3-BF4B-00C04F79EFBC}") = "Bazlama.AsyncOperationSuite.Mvc", "Bazlama.AsyncOperationSuite.Mvc\Bazlama.AsyncOperationSuite.Mvc.csproj", "{29C89B47-EE36-EBBD-3B79-84F9C03F0E10}"
EndProject
Global
	GlobalSection(SolutionConfigurationPlatforms) = preSolution
		Debug|Any CPU = Debug|Any CPU
		Release|Any CPU = Release|Any CPU
	EndGlobalSection
	GlobalSection(ProjectConfigurationPlatforms) = postSolution
		{0D146780-1460-3381-5209-82AC742DAB4C}.Debug|Any CPU.ActiveCfg = Debug|Any CPU
		{0D146780-1460-3381-5209-82AC742DAB4C}.Debug|Any CPU.Build.0 = Debug|Any CPU
		{0D146780-1460-3381-5209-82AC742DAB4C}.Release|Any CPU.ActiveCfg = Release|Any CPU
		{0D146780-1460-3381-5209-82AC742DAB4C}.Release|Any CPU.Build.0 = Release|Any CPU
		{29C89B47-EE36-EBBD-3B79-84F9C03F0E10}.Debug|Any CPU.ActiveCfg = Debug|Any CPU
		{29C89B47-EE36-EBBD-3B79-84F9C03F0E10}.Debug|Any CPU.Build.0 = Debug|Any CPU
		{29C89B47-EE36-EBBD-3B79-84F9C03F0E10}.Release|Any CPU.ActiveCfg = Release|Any CPU
		{29C89B47-EE36-EBBD-3B79-84F9C03F0E10}.Release|Any CPU.Build.0 = Release|Any CPU
	EndGlobalSection
	GlobalSection(SolutionProperties) = preSolution
		HideSolutionNode = FALSE
	EndGlobalSection
	GlobalSection(ExtensibilityGlobals) = postSolution
		SolutionGuid = {4EF22E25-FF5D-438B-B73D-DC33C859134F}
	EndGlobalSection
EndGlobal
